
Microsoft Visual Studio Solution File, Format Version 12.00
# Visual Studio 2012
Project("{FAE04EC0-301F-11D3-BF4B-00C04F79EFBC}") = "wilmss5", "wilmss5\wilmss5.csproj", "{42FEF636-CE07-4DE7-BDE4-B61511420AA9}"
EndProject
Global
	GlobalSection(SolutionConfigurationPlatforms) = preSolution
		Debug|Any CPU = Debug|Any CPU
		Release|Any CPU = Release|Any CPU
	EndGlobalSection
	GlobalSection(ProjectConfigurationPlatforms) = postSolution
		{42FEF636-CE07-4DE7-BDE4-B61511420AA9}.Debug|Any CPU.ActiveCfg = Debug|Any CPU
		{42FEF636-CE07-4DE7-BDE4-B61511420AA9}.Debug|Any CPU.Build.0 = Debug|Any CPU
		{42FEF636-CE07-4DE7-BDE4-B61511420AA9}.Release|Any CPU.ActiveCfg = Release|Any CPU
		{42FEF636-CE07-4DE7-BDE4-B61511420AA9}.Release|Any CPU.Build.0 = Release|Any CPU
	EndGlobalSection
	GlobalSection(SolutionProperties) = preSolution
		HideSolutionNode = FALSE
	EndGlobalSection
EndGlobal
